<?xml version="1.0" encoding="utf-8"?>
<Project ToolsVersion="4.0" xmlns="http://schemas.microsoft.com/developer/msbuild/2003">
  <ItemGroup>
    <Filter Include="Source Files">
      <UniqueIdentifier>{4FC737F1-C7A5-4376-A066-2A32D752A2FF}</UniqueIdentifier>
      <Extensions>cpp;c;cc;cxx;c++;cppm;ixx;def;odl;idl;hpj;bat;asm;asmx</Extensions>
    </Filter>
    <Filter Include="Header Files">
      <UniqueIdentifier>{93995380-89BD-4b04-88EB-625FBE52EBFB}</UniqueIdentifier>
      <Extensions>h;hh;hpp;hxx;h++;hm;inl;inc;ipp;xsd</Extensions>
    </Filter>
    <Filter Include="Resource Files">
      <UniqueIdentifier>{67DA6AB6-F800-4c08-8B7A-83BB121AAD01}</UniqueIdentifier>
      <Extensions>rc;ico;cur;bmp;dlg;rc2;rct;bin;rgs;gif;jpg;jpeg;jpe;resx;tiff;tif;png;wav;mfcribbon-ms</Extensions>
    </Filter>
  </ItemGroup>
  <ItemGroup>
    <ClCompile Include="App\src\App.cpp">
      <Filter>Source Files</Filter>
    </ClCompile>
    <ClCompile Include="App\src\EntryPoin.cpp">
      <Filter>Source Files</Filter>
    </ClCompile>
    <ClCompile Include="Network\src\ClientHandler.cpp">
      <Filter>Source Files</Filter>
    </ClCompile>
    <ClCompile Include="Network\src\DefaultTcpClient.cpp">
      <Filter>Source Files</Filter>
    </ClCompile>
    <ClCompile Include="Network\src\ClientSettings.cpp">
      <Filter>Source Files</Filter>
    </ClCompile>
    <ClCompile Include="Network\src\ClientNetwork.cpp">
      <Filter>Source Files</Filter>
    </ClCompile>
    <ClCompile Include="Module\src\SysInfoModule.cpp">
      <Filter>Source Files</Filter>
    </ClCompile>
    <ClCompile Include="Module\src\ModulesManager.cpp">
      <Filter>Source Files</Filter>
    </ClCompile>
    <ClCompile Include="Module\src\ProcessManagerModule.cpp">
      <Filter>Source Files</Filter>
    </ClCompile>
    <ClCompile Include="Module\src\PowerManagerModule.cpp">
      <Filter>Source Files</Filter>
    </ClCompile>
    <ClCompile Include="App\src\Service.cpp">
      <Filter>Source Files</Filter>
    </ClCompile>
    <ClCompile Include="Module\src\PowerManagerCommand.cpp">
      <Filter>Source Files</Filter>
    </ClCompile>
    <ClCompile Include="Module\src\SysInfoCommand.cpp">
      <Filter>Source Files</Filter>
    </ClCompile>
    <ClCompile Include="Module\src\ProcessManagerCommand.cpp">
      <Filter>Source Files</Filter>
    </ClCompile>
    <ClCompile Include="Module\src\MediaCommand.cpp">
      <Filter>Source Files</Filter>
    </ClCompile>
    <ClCompile Include="Module\src\KeyloggerCommand.cpp">
      <Filter>Source Files</Filter>
    </ClCompile>
    <ClCompile Include="Module\src\NetfilterModule.cpp">
      <Filter>Source Files</Filter>
    </ClCompile>
    <ClCompile Include="Module\src\NetfilterCommand.cpp">
      <Filter>Source Files</Filter>
    </ClCompile>
  </ItemGroup>
  <ItemGroup>
    <ClInclude Include="App\include\App.hpp">
      <Filter>Header Files</Filter>
    </ClInclude>
    <ClInclude Include="App\resource\resource.h">
      <Filter>Header Files</Filter>
    </ClInclude>
    <ClInclude Include="Network\include\ClientHandler.hpp">
      <Filter>Header Files</Filter>
    </ClInclude>
    <ClInclude Include="Network\include\DefaultTcpClient.hpp">
      <Filter>Header Files</Filter>
    </ClInclude>
    <ClInclude Include="Network\include\ClientSettings.hpp">
      <Filter>Header Files</Filter>
    </ClInclude>
    <ClInclude Include="Network\include\ClientNetwork.hpp">
      <Filter>Header Files</Filter>
    </ClInclude>
    <ClInclude Include="Module\include\SysInfoModule.hpp">
      <Filter>Header Files</Filter>
    </ClInclude>
    <ClInclude Include="Module\include\Module.hpp">
      <Filter>Header Files</Filter>
    </ClInclude>
    <ClInclude Include="Module\include\ModulesManager.hpp">
      <Filter>Header Files</Filter>
    </ClInclude>
    <ClInclude Include="Module\include\ProcessManagerModule.hpp">
      <Filter>Header Files</Filter>
    </ClInclude>
    <ClInclude Include="Module\include\PowerManagerModule.hpp">
      <Filter>Header Files</Filter>
    </ClInclude>
    <ClInclude Include="Module\include\DistanceModules.hpp">
      <Filter>Header Files</Filter>
    </ClInclude>
    <ClInclude Include="Module\interface\IPowerManager.hpp">
      <Filter>Header Files</Filter>
    </ClInclude>
    <ClInclude Include="Module\interface\IProcessManager.hpp">
      <Filter>Header Files</Filter>
    </ClInclude>
    <ClInclude Include="App\include\Service.hpp">
      <Filter>Header Files</Filter>
    </ClInclude>
    <ClInclude Include="App\public\Constant.hpp">
      <Filter>Header Files</Filter>
    </ClInclude>
    <ClInclude Include="Module\interface\ICommand.hpp">
      <Filter>Header Files</Filter>
    </ClInclude>
    <ClInclude Include="Module\include\PowerManagerCommand.hpp">
      <Filter>Header Files</Filter>
    </ClInclude>
    <ClInclude Include="Module\include\Commands.hpp">
      <Filter>Header Files</Filter>
    </ClInclude>
    <ClInclude Include="Module\include\SysInfoCommand.hpp">
      <Filter>Header Files</Filter>
    </ClInclude>
    <ClInclude Include="Module\include\ProcessManagerCommand.hpp">
      <Filter>Header Files</Filter>
    </ClInclude>
    <ClInclude Include="Module\include\MediaCommand.hpp">
      <Filter>Header Files</Filter>
    </ClInclude>
    <ClInclude Include="Module\include\KeyloggerCommand.hpp">
      <Filter>Header Files</Filter>
    </ClInclude>
    <ClInclude Include="Module\include\NetfilterModule.hpp">
      <Filter>Header Files</Filter>
    </ClInclude>
    <ClInclude Include="Module\include\NetfilterCommand.hpp">
      <Filter>Header Files</Filter>
    </ClInclude>
  </ItemGroup>
  <ItemGroup>
    <ResourceCompile Include="App\resource\DistanceService.rc">
      <Filter>Resource Files</Filter>
    </ResourceCompile>
  </ItemGroup>
  <ItemGroup>
    <Image Include="App\resource\Distance.ico">
      <Filter>Resource Files</Filter>
    </Image>
  </ItemGroup>
</Project>