
Microsoft Visual Studio Solution File, Format Version 12.00
# Visual Studio Version 16
VisualStudioVersion = 16.0.30611.23
MinimumVisualStudioVersion = 10.0.40219.1
Project("{8BC9CEB8-8B4A-11D0-8D11-00A0C91BC942}") = "Server", "Server\Server.vcxproj", "{B9391899-C4CD-46CE-BB51-D5B26C09BE1F}"
	ProjectSection(ProjectDependencies) = postProject
		{D120B532-7CCD-4824-8A2B-E6D86B07040F} = {D120B532-7CCD-4824-8A2B-E6D86B07040F}
	EndProjectSection
EndProject
Project("{8BC9CEB8-8B4A-11D0-8D11-00A0C91BC942}") = "Client", "Client\Client.vcxproj", "{77F77C63-1BB1-4827-8989-4E43D9248F32}"
	ProjectSection(ProjectDependencies) = postProject
		{D120B532-7CCD-4824-8A2B-E6D86B07040F} = {D120B532-7CCD-4824-8A2B-E6D86B07040F}
	EndProjectSection
EndProject
Project("{8BC9CEB8-8B4A-11D0-8D11-00A0C91BC942}") = "Keylogger", "Keylogger\Keylogger.vcxproj", "{6151BE0F-50C3-4195-A549-C8DBE21ABA6D}"
EndProject
Project("{8BC9CEB8-8B4A-11D0-8D11-00A0C91BC942}") = "general", "general\general.vcxproj", "{D120B532-7CCD-4824-8A2B-E6D86B07040F}"
EndProject
Project("{FAE04EC0-301F-11D3-BF4B-00C04F79EFBC}") = "ServerGUI", "ServerGUI\ServerGUI.csproj", "{417163E1-586B-4B67-9416-7AB5BC02E3A0}"
EndProject
Project("{8BC9CEB8-8B4A-11D0-8D11-00A0C91BC942}") = "Screenshot", "Screenshot\Screenshot.vcxproj", "{F5FC5E36-0FE4-4C36-B446-22609F0A0A54}"
EndProject
Project("{8BC9CEB8-8B4A-11D0-8D11-00A0C91BC942}") = "ProcessManager", "ProcessManager\ProcessManager.vcxproj", "{E804C7B0-AAC1-4BEE-B3BA-9D44F3E91872}"
EndProject
Project("{8BC9CEB8-8B4A-11D0-8D11-00A0C91BC942}") = "Blocker", "Blocker\Blocker.vcxproj", "{C75824C6-3285-4E9E-83EB-9BF7D725A079}"
EndProject
Project("{8BC9CEB8-8B4A-11D0-8D11-00A0C91BC942}") = "Netfilter", "Netfilter\Netfilter.vcxproj", "{080EB469-F865-4620-88C1-51519D06E96C}"
EndProject
Project("{8BC9CEB8-8B4A-11D0-8D11-00A0C91BC942}") = "Tests", "Tests\Tests.vcxproj", "{75857872-FF40-454A-BF33-70CBAE25611B}"
EndProject
Global
	GlobalSection(SolutionConfigurationPlatforms) = preSolution
		Debug|Any CPU = Debug|Any CPU
		Debug|ARM = Debug|ARM
		Debug|ARM64 = Debug|ARM64
		Debug|x64 = Debug|x64
		Debug|x86 = Debug|x86
		Release|Any CPU = Release|Any CPU
		Release|ARM = Release|ARM
		Release|ARM64 = Release|ARM64
		Release|x64 = Release|x64
		Release|x86 = Release|x86
	EndGlobalSection
	GlobalSection(ProjectConfigurationPlatforms) = postSolution
		{B9391899-C4CD-46CE-BB51-D5B26C09BE1F}.Debug|Any CPU.ActiveCfg = Debug|Win32
		{B9391899-C4CD-46CE-BB51-D5B26C09BE1F}.Debug|ARM.ActiveCfg = Debug|Win32
		{B9391899-C4CD-46CE-BB51-D5B26C09BE1F}.Debug|ARM64.ActiveCfg = Debug|Win32
		{B9391899-C4CD-46CE-BB51-D5B26C09BE1F}.Debug|x64.ActiveCfg = Debug|x64
		{B9391899-C4CD-46CE-BB51-D5B26C09BE1F}.Debug|x64.Build.0 = Debug|x64
		{B9391899-C4CD-46CE-BB51-D5B26C09BE1F}.Debug|x86.ActiveCfg = Debug|Win32
		{B9391899-C4CD-46CE-BB51-D5B26C09BE1F}.Debug|x86.Build.0 = Debug|Win32
		{B9391899-C4CD-46CE-BB51-D5B26C09BE1F}.Release|Any CPU.ActiveCfg = Release|Win32
		{B9391899-C4CD-46CE-BB51-D5B26C09BE1F}.Release|ARM.ActiveCfg = Release|Win32
		{B9391899-C4CD-46CE-BB51-D5B26C09BE1F}.Release|ARM64.ActiveCfg = Release|Win32
		{B9391899-C4CD-46CE-BB51-D5B26C09BE1F}.Release|x64.ActiveCfg = Release|x64
		{B9391899-C4CD-46CE-BB51-D5B26C09BE1F}.Release|x64.Build.0 = Release|x64
		{B9391899-C4CD-46CE-BB51-D5B26C09BE1F}.Release|x86.ActiveCfg = Release|Win32
		{B9391899-C4CD-46CE-BB51-D5B26C09BE1F}.Release|x86.Build.0 = Release|Win32
		{77F77C63-1BB1-4827-8989-4E43D9248F32}.Debug|Any CPU.ActiveCfg = Debug|Win32
		{77F77C63-1BB1-4827-8989-4E43D9248F32}.Debug|ARM.ActiveCfg = Debug|Win32
		{77F77C63-1BB1-4827-8989-4E43D9248F32}.Debug|ARM64.ActiveCfg = Debug|Win32
		{77F77C63-1BB1-4827-8989-4E43D9248F32}.Debug|x64.ActiveCfg = Debug|x64
		{77F77C63-1BB1-4827-8989-4E43D9248F32}.Debug|x64.Build.0 = Debug|x64
		{77F77C63-1BB1-4827-8989-4E43D9248F32}.Debug|x86.ActiveCfg = Debug|Win32
		{77F77C63-1BB1-4827-8989-4E43D9248F32}.Debug|x86.Build.0 = Debug|Win32
		{77F77C63-1BB1-4827-8989-4E43D9248F32}.Release|Any CPU.ActiveCfg = Release|Win32
		{77F77C63-1BB1-4827-8989-4E43D9248F32}.Release|ARM.ActiveCfg = Release|Win32
		{77F77C63-1BB1-4827-8989-4E43D9248F32}.Release|ARM64.ActiveCfg = Release|Win32
		{77F77C63-1BB1-4827-8989-4E43D9248F32}.Release|x64.ActiveCfg = Release|x64
		{77F77C63-1BB1-4827-8989-4E43D9248F32}.Release|x64.Build.0 = Release|x64
		{77F77C63-1BB1-4827-8989-4E43D9248F32}.Release|x86.ActiveCfg = Release|Win32
		{77F77C63-1BB1-4827-8989-4E43D9248F32}.Release|x86.Build.0 = Release|Win32
		{6151BE0F-50C3-4195-A549-C8DBE21ABA6D}.Debug|Any CPU.ActiveCfg = Debug|Win32
		{6151BE0F-50C3-4195-A549-C8DBE21ABA6D}.Debug|ARM.ActiveCfg = Debug|ARM
		{6151BE0F-50C3-4195-A549-C8DBE21ABA6D}.Debug|ARM.Build.0 = Debug|ARM
		{6151BE0F-50C3-4195-A549-C8DBE21ABA6D}.Debug|ARM.Deploy.0 = Debug|ARM
		{6151BE0F-50C3-4195-A549-C8DBE21ABA6D}.Debug|ARM64.ActiveCfg = Debug|ARM64
		{6151BE0F-50C3-4195-A549-C8DBE21ABA6D}.Debug|ARM64.Build.0 = Debug|ARM64
		{6151BE0F-50C3-4195-A549-C8DBE21ABA6D}.Debug|ARM64.Deploy.0 = Debug|ARM64
		{6151BE0F-50C3-4195-A549-C8DBE21ABA6D}.Debug|x64.ActiveCfg = Debug|x64
		{6151BE0F-50C3-4195-A549-C8DBE21ABA6D}.Debug|x64.Build.0 = Debug|x64
		{6151BE0F-50C3-4195-A549-C8DBE21ABA6D}.Debug|x64.Deploy.0 = Debug|x64
		{6151BE0F-50C3-4195-A549-C8DBE21ABA6D}.Debug|x86.ActiveCfg = Debug|Win32
		{6151BE0F-50C3-4195-A549-C8DBE21ABA6D}.Debug|x86.Build.0 = Debug|Win32
		{6151BE0F-50C3-4195-A549-C8DBE21ABA6D}.Debug|x86.Deploy.0 = Debug|Win32
		{6151BE0F-50C3-4195-A549-C8DBE21ABA6D}.Release|Any CPU.ActiveCfg = Release|Win32
		{6151BE0F-50C3-4195-A549-C8DBE21ABA6D}.Release|ARM.ActiveCfg = Release|ARM
		{6151BE0F-50C3-4195-A549-C8DBE21ABA6D}.Release|ARM.Build.0 = Release|ARM
		{6151BE0F-50C3-4195-A549-C8DBE21ABA6D}.Release|ARM.Deploy.0 = Release|ARM
		{6151BE0F-50C3-4195-A549-C8DBE21ABA6D}.Release|ARM64.ActiveCfg = Release|ARM64
		{6151BE0F-50C3-4195-A549-C8DBE21ABA6D}.Release|ARM64.Build.0 = Release|ARM64
		{6151BE0F-50C3-4195-A549-C8DBE21ABA6D}.Release|ARM64.Deploy.0 = Release|ARM64
		{6151BE0F-50C3-4195-A549-C8DBE21ABA6D}.Release|x64.ActiveCfg = Release|x64
		{6151BE0F-50C3-4195-A549-C8DBE21ABA6D}.Release|x64.Build.0 = Release|x64
		{6151BE0F-50C3-4195-A549-C8DBE21ABA6D}.Release|x64.Deploy.0 = Release|x64
		{6151BE0F-50C3-4195-A549-C8DBE21ABA6D}.Release|x86.ActiveCfg = Release|Win32
		{6151BE0F-50C3-4195-A549-C8DBE21ABA6D}.Release|x86.Build.0 = Release|Win32
		{6151BE0F-50C3-4195-A549-C8DBE21ABA6D}.Release|x86.Deploy.0 = Release|Win32
		{D120B532-7CCD-4824-8A2B-E6D86B07040F}.Debug|Any CPU.ActiveCfg = Debug|Win32
		{D120B532-7CCD-4824-8A2B-E6D86B07040F}.Debug|ARM.ActiveCfg = Debug|Win32
		{D120B532-7CCD-4824-8A2B-E6D86B07040F}.Debug|ARM64.ActiveCfg = Debug|Win32
		{D120B532-7CCD-4824-8A2B-E6D86B07040F}.Debug|x64.ActiveCfg = Debug|x64
		{D120B532-7CCD-4824-8A2B-E6D86B07040F}.Debug|x64.Build.0 = Debug|x64
		{D120B532-7CCD-4824-8A2B-E6D86B07040F}.Debug|x86.ActiveCfg = Debug|Win32
		{D120B532-7CCD-4824-8A2B-E6D86B07040F}.Debug|x86.Build.0 = Debug|Win32
		{D120B532-7CCD-4824-8A2B-E6D86B07040F}.Release|Any CPU.ActiveCfg = Release|Win32
		{D120B532-7CCD-4824-8A2B-E6D86B07040F}.Release|ARM.ActiveCfg = Release|Win32
		{D120B532-7CCD-4824-8A2B-E6D86B07040F}.Release|ARM64.ActiveCfg = Release|Win32
		{D120B532-7CCD-4824-8A2B-E6D86B07040F}.Release|x64.ActiveCfg = Release|x64
		{D120B532-7CCD-4824-8A2B-E6D86B07040F}.Release|x64.Build.0 = Release|x64
		{D120B532-7CCD-4824-8A2B-E6D86B07040F}.Release|x86.ActiveCfg = Release|Win32
		{D120B532-7CCD-4824-8A2B-E6D86B07040F}.Release|x86.Build.0 = Release|Win32
		{417163E1-586B-4B67-9416-7AB5BC02E3A0}.Debug|Any CPU.ActiveCfg = Debug|Any CPU
		{417163E1-586B-4B67-9416-7AB5BC02E3A0}.Debug|Any CPU.Build.0 = Debug|Any CPU
		{417163E1-586B-4B67-9416-7AB5BC02E3A0}.Debug|ARM.ActiveCfg = Debug|Any CPU
		{417163E1-586B-4B67-9416-7AB5BC02E3A0}.Debug|ARM.Build.0 = Debug|Any CPU
		{417163E1-586B-4B67-9416-7AB5BC02E3A0}.Debug|ARM64.ActiveCfg = Debug|Any CPU
		{417163E1-586B-4B67-9416-7AB5BC02E3A0}.Debug|ARM64.Build.0 = Debug|Any CPU
		{417163E1-586B-4B67-9416-7AB5BC02E3A0}.Debug|x64.ActiveCfg = Debug|Any CPU
		{417163E1-586B-4B67-9416-7AB5BC02E3A0}.Debug|x64.Build.0 = Debug|Any CPU
		{417163E1-586B-4B67-9416-7AB5BC02E3A0}.Debug|x86.ActiveCfg = Debug|Any CPU
		{417163E1-586B-4B67-9416-7AB5BC02E3A0}.Debug|x86.Build.0 = Debug|Any CPU
		{417163E1-586B-4B67-9416-7AB5BC02E3A0}.Release|Any CPU.ActiveCfg = Release|Any CPU
		{417163E1-586B-4B67-9416-7AB5BC02E3A0}.Release|Any CPU.Build.0 = Release|Any CPU
		{417163E1-586B-4B67-9416-7AB5BC02E3A0}.Release|ARM.ActiveCfg = Release|Any CPU
		{417163E1-586B-4B67-9416-7AB5BC02E3A0}.Release|ARM.Build.0 = Release|Any CPU
		{417163E1-586B-4B67-9416-7AB5BC02E3A0}.Release|ARM64.ActiveCfg = Release|Any CPU
		{417163E1-586B-4B67-9416-7AB5BC02E3A0}.Release|ARM64.Build.0 = Release|Any CPU
		{417163E1-586B-4B67-9416-7AB5BC02E3A0}.Release|x64.ActiveCfg = Release|Any CPU
		{417163E1-586B-4B67-9416-7AB5BC02E3A0}.Release|x64.Build.0 = Release|Any CPU
		{417163E1-586B-4B67-9416-7AB5BC02E3A0}.Release|x86.ActiveCfg = Release|Any CPU
		{417163E1-586B-4B67-9416-7AB5BC02E3A0}.Release|x86.Build.0 = Release|Any CPU
		{F5FC5E36-0FE4-4C36-B446-22609F0A0A54}.Debug|Any CPU.ActiveCfg = Debug|Win32
		{F5FC5E36-0FE4-4C36-B446-22609F0A0A54}.Debug|ARM.ActiveCfg = Debug|Win32
		{F5FC5E36-0FE4-4C36-B446-22609F0A0A54}.Debug|ARM64.ActiveCfg = Debug|Win32
		{F5FC5E36-0FE4-4C36-B446-22609F0A0A54}.Debug|x64.ActiveCfg = Debug|x64
		{F5FC5E36-0FE4-4C36-B446-22609F0A0A54}.Debug|x64.Build.0 = Debug|x64
		{F5FC5E36-0FE4-4C36-B446-22609F0A0A54}.Debug|x86.ActiveCfg = Debug|Win32
		{F5FC5E36-0FE4-4C36-B446-22609F0A0A54}.Debug|x86.Build.0 = Debug|Win32
		{F5FC5E36-0FE4-4C36-B446-22609F0A0A54}.Release|Any CPU.ActiveCfg = Release|Win32
		{F5FC5E36-0FE4-4C36-B446-22609F0A0A54}.Release|ARM.ActiveCfg = Release|Win32
		{F5FC5E36-0FE4-4C36-B446-22609F0A0A54}.Release|ARM64.ActiveCfg = Release|Win32
		{F5FC5E36-0FE4-4C36-B446-22609F0A0A54}.Release|x64.ActiveCfg = Release|x64
		{F5FC5E36-0FE4-4C36-B446-22609F0A0A54}.Release|x64.Build.0 = Release|x64
		{F5FC5E36-0FE4-4C36-B446-22609F0A0A54}.Release|x86.ActiveCfg = Release|Win32
		{F5FC5E36-0FE4-4C36-B446-22609F0A0A54}.Release|x86.Build.0 = Release|Win32
		{E804C7B0-AAC1-4BEE-B3BA-9D44F3E91872}.Debug|Any CPU.ActiveCfg = Debug|Win32
		{E804C7B0-AAC1-4BEE-B3BA-9D44F3E91872}.Debug|ARM.ActiveCfg = Debug|Win32
		{E804C7B0-AAC1-4BEE-B3BA-9D44F3E91872}.Debug|ARM64.ActiveCfg = Debug|Win32
		{E804C7B0-AAC1-4BEE-B3BA-9D44F3E91872}.Debug|x64.ActiveCfg = Debug|x64
		{E804C7B0-AAC1-4BEE-B3BA-9D44F3E91872}.Debug|x64.Build.0 = Debug|x64
		{E804C7B0-AAC1-4BEE-B3BA-9D44F3E91872}.Debug|x86.ActiveCfg = Debug|Win32
		{E804C7B0-AAC1-4BEE-B3BA-9D44F3E91872}.Debug|x86.Build.0 = Debug|Win32
		{E804C7B0-AAC1-4BEE-B3BA-9D44F3E91872}.Release|Any CPU.ActiveCfg = Release|Win32
		{E804C7B0-AAC1-4BEE-B3BA-9D44F3E91872}.Release|ARM.ActiveCfg = Release|Win32
		{E804C7B0-AAC1-4BEE-B3BA-9D44F3E91872}.Release|ARM64.ActiveCfg = Release|Win32
		{E804C7B0-AAC1-4BEE-B3BA-9D44F3E91872}.Release|x64.ActiveCfg = Release|x64
		{E804C7B0-AAC1-4BEE-B3BA-9D44F3E91872}.Release|x64.Build.0 = Release|x64
		{E804C7B0-AAC1-4BEE-B3BA-9D44F3E91872}.Release|x86.ActiveCfg = Release|Win32
		{E804C7B0-AAC1-4BEE-B3BA-9D44F3E91872}.Release|x86.Build.0 = Release|Win32
		{C75824C6-3285-4E9E-83EB-9BF7D725A079}.Debug|Any CPU.ActiveCfg = Debug|Win32
		{C75824C6-3285-4E9E-83EB-9BF7D725A079}.Debug|ARM.ActiveCfg = Debug|Win32
		{C75824C6-3285-4E9E-83EB-9BF7D725A079}.Debug|ARM64.ActiveCfg = Debug|Win32
		{C75824C6-3285-4E9E-83EB-9BF7D725A079}.Debug|x64.ActiveCfg = Debug|x64
		{C75824C6-3285-4E9E-83EB-9BF7D725A079}.Debug|x64.Build.0 = Debug|x64
		{C75824C6-3285-4E9E-83EB-9BF7D725A079}.Debug|x86.ActiveCfg = Debug|Win32
		{C75824C6-3285-4E9E-83EB-9BF7D725A079}.Debug|x86.Build.0 = Debug|Win32
		{C75824C6-3285-4E9E-83EB-9BF7D725A079}.Release|Any CPU.ActiveCfg = Release|Win32
		{C75824C6-3285-4E9E-83EB-9BF7D725A079}.Release|ARM.ActiveCfg = Release|Win32
		{C75824C6-3285-4E9E-83EB-9BF7D725A079}.Release|ARM64.ActiveCfg = Release|Win32
		{C75824C6-3285-4E9E-83EB-9BF7D725A079}.Release|x64.ActiveCfg = Release|x64
		{C75824C6-3285-4E9E-83EB-9BF7D725A079}.Release|x64.Build.0 = Release|x64
		{C75824C6-3285-4E9E-83EB-9BF7D725A079}.Release|x86.ActiveCfg = Release|Win32
		{C75824C6-3285-4E9E-83EB-9BF7D725A079}.Release|x86.Build.0 = Release|Win32
		{080EB469-F865-4620-88C1-51519D06E96C}.Debug|Any CPU.ActiveCfg = Debug|Win32
		{080EB469-F865-4620-88C1-51519D06E96C}.Debug|ARM.ActiveCfg = Debug|ARM
		{080EB469-F865-4620-88C1-51519D06E96C}.Debug|ARM.Build.0 = Debug|ARM
		{080EB469-F865-4620-88C1-51519D06E96C}.Debug|ARM.Deploy.0 = Debug|ARM
		{080EB469-F865-4620-88C1-51519D06E96C}.Debug|ARM64.ActiveCfg = Debug|ARM64
		{080EB469-F865-4620-88C1-51519D06E96C}.Debug|ARM64.Build.0 = Debug|ARM64
		{080EB469-F865-4620-88C1-51519D06E96C}.Debug|ARM64.Deploy.0 = Debug|ARM64
		{080EB469-F865-4620-88C1-51519D06E96C}.Debug|x64.ActiveCfg = Debug|x64
		{080EB469-F865-4620-88C1-51519D06E96C}.Debug|x64.Build.0 = Debug|x64
		{080EB469-F865-4620-88C1-51519D06E96C}.Debug|x64.Deploy.0 = Debug|x64
		{080EB469-F865-4620-88C1-51519D06E96C}.Debug|x86.ActiveCfg = Debug|Win32
		{080EB469-F865-4620-88C1-51519D06E96C}.Debug|x86.Build.0 = Debug|Win32
		{080EB469-F865-4620-88C1-51519D06E96C}.Debug|x86.Deploy.0 = Debug|Win32
		{080EB469-F865-4620-88C1-51519D06E96C}.Release|Any CPU.ActiveCfg = Release|Win32
		{080EB469-F865-4620-88C1-51519D06E96C}.Release|ARM.ActiveCfg = Release|ARM
		{080EB469-F865-4620-88C1-51519D06E96C}.Release|ARM.Build.0 = Release|ARM
		{080EB469-F865-4620-88C1-51519D06E96C}.Release|ARM.Deploy.0 = Release|ARM
		{080EB469-F865-4620-88C1-51519D06E96C}.Release|ARM64.ActiveCfg = Release|ARM64
		{080EB469-F865-4620-88C1-51519D06E96C}.Release|ARM64.Build.0 = Release|ARM64
		{080EB469-F865-4620-88C1-51519D06E96C}.Release|ARM64.Deploy.0 = Release|ARM64
		{080EB469-F865-4620-88C1-51519D06E96C}.Release|x64.ActiveCfg = Release|x64
		{080EB469-F865-4620-88C1-51519D06E96C}.Release|x64.Build.0 = Release|x64
		{080EB469-F865-4620-88C1-51519D06E96C}.Release|x64.Deploy.0 = Release|x64
		{080EB469-F865-4620-88C1-51519D06E96C}.Release|x86.ActiveCfg = Release|Win32
		{080EB469-F865-4620-88C1-51519D06E96C}.Release|x86.Build.0 = Release|Win32
		{080EB469-F865-4620-88C1-51519D06E96C}.Release|x86.Deploy.0 = Release|Win32
		{75857872-FF40-454A-BF33-70CBAE25611B}.Debug|Any CPU.ActiveCfg = Debug|Win32
		{75857872-FF40-454A-BF33-70CBAE25611B}.Debug|ARM.ActiveCfg = Debug|Win32
		{75857872-FF40-454A-BF33-70CBAE25611B}.Debug|ARM64.ActiveCfg = Debug|Win32
		{75857872-FF40-454A-BF33-70CBAE25611B}.Debug|x64.ActiveCfg = Debug|x64
		{75857872-FF40-454A-BF33-70CBAE25611B}.Debug|x64.Build.0 = Debug|x64
		{75857872-FF40-454A-BF33-70CBAE25611B}.Debug|x86.ActiveCfg = Debug|Win32
		{75857872-FF40-454A-BF33-70CBAE25611B}.Debug|x86.Build.0 = Debug|Win32
		{75857872-FF40-454A-BF33-70CBAE25611B}.Release|Any CPU.ActiveCfg = Release|Win32
		{75857872-FF40-454A-BF33-70CBAE25611B}.Release|ARM.ActiveCfg = Release|Win32
		{75857872-FF40-454A-BF33-70CBAE25611B}.Release|ARM64.ActiveCfg = Release|Win32
		{75857872-FF40-454A-BF33-70CBAE25611B}.Release|x64.ActiveCfg = Release|x64
		{75857872-FF40-454A-BF33-70CBAE25611B}.Release|x64.Build.0 = Release|x64
		{75857872-FF40-454A-BF33-70CBAE25611B}.Release|x86.ActiveCfg = Release|Win32
		{75857872-FF40-454A-BF33-70CBAE25611B}.Release|x86.Build.0 = Release|Win32
	EndGlobalSection
	GlobalSection(SolutionProperties) = preSolution
		HideSolutionNode = FALSE
	EndGlobalSection
	GlobalSection(ExtensibilityGlobals) = postSolution
		SolutionGuid = {E4559102-2A3B-40C1-BC4A-FD9D2B8E35F9}
	EndGlobalSection
EndGlobal
