
Microsoft Visual Studio Solution File, Format Version 12.00
# Visual Studio Version 16
VisualStudioVersion = 16.0.30611.23
MinimumVisualStudioVersion = 10.0.40219.1
Project("{8BC9CEB8-8B4A-11D0-8D11-00A0C91BC942}") = "DistanceService", "DistanceService\DistanceService.vcxproj", "{77F77C63-1BB1-4827-8989-4E43D9248F32}"
	ProjectSection(ProjectDependencies) = postProject
		{2882F230-042D-4B36-AF1D-658C52D9FEF9} = {2882F230-042D-4B36-AF1D-658C52D9FEF9}
		{B8C3F747-DAA1-4705-8A19-3D3C1BEA8ED9} = {B8C3F747-DAA1-4705-8A19-3D3C1BEA8ED9}
	EndProjectSection
EndProject
Project("{8BC9CEB8-8B4A-11D0-8D11-00A0C91BC942}") = "ProcessManager", "ProcessManager\ProcessManager.vcxproj", "{E804C7B0-AAC1-4BEE-B3BA-9D44F3E91872}"
EndProject
Project("{8BC9CEB8-8B4A-11D0-8D11-00A0C91BC942}") = "PowerManager", "PowerManager\PowerManager.vcxproj", "{C75824C6-3285-4E9E-83EB-9BF7D725A079}"
EndProject
Project("{8BC9CEB8-8B4A-11D0-8D11-00A0C91BC942}") = "Tests", "Tests\Tests.vcxproj", "{75857872-FF40-454A-BF33-70CBAE25611B}"
EndProject
Project("{8BC9CEB8-8B4A-11D0-8D11-00A0C91BC942}") = "DistanceApp", "DistanceApp\DistanceApp.vcxproj", "{D83FC48B-C187-4C2F-82FB-CE9CC927834F}"
	ProjectSection(ProjectDependencies) = postProject
		{2882F230-042D-4B36-AF1D-658C52D9FEF9} = {2882F230-042D-4B36-AF1D-658C52D9FEF9}
		{B8C3F747-DAA1-4705-8A19-3D3C1BEA8ED9} = {B8C3F747-DAA1-4705-8A19-3D3C1BEA8ED9}
	EndProjectSection
EndProject
Project("{8BC9CEB8-8B4A-11D0-8D11-00A0C91BC942}") = "Network", "Network\Network.vcxproj", "{B8C3F747-DAA1-4705-8A19-3D3C1BEA8ED9}"
EndProject
Project("{8BC9CEB8-8B4A-11D0-8D11-00A0C91BC942}") = "Utils", "Utils\Utils.vcxproj", "{2882F230-042D-4B36-AF1D-658C52D9FEF9}"
EndProject
Project("{8BC9CEB8-8B4A-11D0-8D11-00A0C91BC942}") = "SysInfo", "SysInfo\SysInfo.vcxproj", "{AB3596EC-ACBF-4227-B9DE-8DC7806BCE8A}"
EndProject
Project("{8BC9CEB8-8B4A-11D0-8D11-00A0C91BC942}") = "DistanceServiceConfigurator", "DistanceServiceConfigurator\DistanceServiceConfigurator.vcxproj", "{F7BDE7A8-074A-4774-B037-64C719B91154}"
EndProject
Project("{8BC9CEB8-8B4A-11D0-8D11-00A0C91BC942}") = "Media", "Media\Media.vcxproj", "{D5B41DD3-E9EF-4083-BAE6-7D44D1C14509}"
EndProject
Project("{8BC9CEB8-8B4A-11D0-8D11-00A0C91BC942}") = "Dkflt", "Dkflt\Dkflt.vcxproj", "{E2B2424C-74E7-400E-B4AC-6F79EBCBC981}"
EndProject
Global
	GlobalSection(SolutionConfigurationPlatforms) = preSolution
		Debug|Any CPU = Debug|Any CPU
		Debug|ARM = Debug|ARM
		Debug|ARM64 = Debug|ARM64
		Debug|x64 = Debug|x64
		Debug|x86 = Debug|x86
		Release|Any CPU = Release|Any CPU
		Release|ARM = Release|ARM
		Release|ARM64 = Release|ARM64
		Release|x64 = Release|x64
		Release|x86 = Release|x86
	EndGlobalSection
	GlobalSection(ProjectConfigurationPlatforms) = postSolution
		{77F77C63-1BB1-4827-8989-4E43D9248F32}.Debug|Any CPU.ActiveCfg = Debug|Win32
		{77F77C63-1BB1-4827-8989-4E43D9248F32}.Debug|ARM.ActiveCfg = Debug|Win32
		{77F77C63-1BB1-4827-8989-4E43D9248F32}.Debug|ARM64.ActiveCfg = Debug|Win32
		{77F77C63-1BB1-4827-8989-4E43D9248F32}.Debug|x64.ActiveCfg = Debug|x64
		{77F77C63-1BB1-4827-8989-4E43D9248F32}.Debug|x64.Build.0 = Debug|x64
		{77F77C63-1BB1-4827-8989-4E43D9248F32}.Debug|x86.ActiveCfg = Debug|Win32
		{77F77C63-1BB1-4827-8989-4E43D9248F32}.Debug|x86.Build.0 = Debug|Win32
		{77F77C63-1BB1-4827-8989-4E43D9248F32}.Release|Any CPU.ActiveCfg = Release|Win32
		{77F77C63-1BB1-4827-8989-4E43D9248F32}.Release|ARM.ActiveCfg = Release|Win32
		{77F77C63-1BB1-4827-8989-4E43D9248F32}.Release|ARM64.ActiveCfg = Release|Win32
		{77F77C63-1BB1-4827-8989-4E43D9248F32}.Release|x64.ActiveCfg = Release|x64
		{77F77C63-1BB1-4827-8989-4E43D9248F32}.Release|x64.Build.0 = Release|x64
		{77F77C63-1BB1-4827-8989-4E43D9248F32}.Release|x86.ActiveCfg = Release|Win32
		{77F77C63-1BB1-4827-8989-4E43D9248F32}.Release|x86.Build.0 = Release|Win32
		{E804C7B0-AAC1-4BEE-B3BA-9D44F3E91872}.Debug|Any CPU.ActiveCfg = Debug|Win32
		{E804C7B0-AAC1-4BEE-B3BA-9D44F3E91872}.Debug|ARM.ActiveCfg = Debug|Win32
		{E804C7B0-AAC1-4BEE-B3BA-9D44F3E91872}.Debug|ARM64.ActiveCfg = Debug|Win32
		{E804C7B0-AAC1-4BEE-B3BA-9D44F3E91872}.Debug|x64.ActiveCfg = Debug|x64
		{E804C7B0-AAC1-4BEE-B3BA-9D44F3E91872}.Debug|x64.Build.0 = Debug|x64
		{E804C7B0-AAC1-4BEE-B3BA-9D44F3E91872}.Debug|x86.ActiveCfg = Debug|Win32
		{E804C7B0-AAC1-4BEE-B3BA-9D44F3E91872}.Debug|x86.Build.0 = Debug|Win32
		{E804C7B0-AAC1-4BEE-B3BA-9D44F3E91872}.Release|Any CPU.ActiveCfg = Release|Win32
		{E804C7B0-AAC1-4BEE-B3BA-9D44F3E91872}.Release|ARM.ActiveCfg = Release|Win32
		{E804C7B0-AAC1-4BEE-B3BA-9D44F3E91872}.Release|ARM64.ActiveCfg = Release|Win32
		{E804C7B0-AAC1-4BEE-B3BA-9D44F3E91872}.Release|x64.ActiveCfg = Release|x64
		{E804C7B0-AAC1-4BEE-B3BA-9D44F3E91872}.Release|x64.Build.0 = Release|x64
		{E804C7B0-AAC1-4BEE-B3BA-9D44F3E91872}.Release|x86.ActiveCfg = Release|Win32
		{E804C7B0-AAC1-4BEE-B3BA-9D44F3E91872}.Release|x86.Build.0 = Release|Win32
		{C75824C6-3285-4E9E-83EB-9BF7D725A079}.Debug|Any CPU.ActiveCfg = Debug|Win32
		{C75824C6-3285-4E9E-83EB-9BF7D725A079}.Debug|ARM.ActiveCfg = Debug|Win32
		{C75824C6-3285-4E9E-83EB-9BF7D725A079}.Debug|ARM64.ActiveCfg = Debug|Win32
		{C75824C6-3285-4E9E-83EB-9BF7D725A079}.Debug|x64.ActiveCfg = Debug|x64
		{C75824C6-3285-4E9E-83EB-9BF7D725A079}.Debug|x64.Build.0 = Debug|x64
		{C75824C6-3285-4E9E-83EB-9BF7D725A079}.Debug|x86.ActiveCfg = Debug|Win32
		{C75824C6-3285-4E9E-83EB-9BF7D725A079}.Debug|x86.Build.0 = Debug|Win32
		{C75824C6-3285-4E9E-83EB-9BF7D725A079}.Release|Any CPU.ActiveCfg = Release|Win32
		{C75824C6-3285-4E9E-83EB-9BF7D725A079}.Release|ARM.ActiveCfg = Release|Win32
		{C75824C6-3285-4E9E-83EB-9BF7D725A079}.Release|ARM64.ActiveCfg = Release|Win32
		{C75824C6-3285-4E9E-83EB-9BF7D725A079}.Release|x64.ActiveCfg = Release|x64
		{C75824C6-3285-4E9E-83EB-9BF7D725A079}.Release|x64.Build.0 = Release|x64
		{C75824C6-3285-4E9E-83EB-9BF7D725A079}.Release|x86.ActiveCfg = Release|Win32
		{C75824C6-3285-4E9E-83EB-9BF7D725A079}.Release|x86.Build.0 = Release|Win32
		{75857872-FF40-454A-BF33-70CBAE25611B}.Debug|Any CPU.ActiveCfg = Debug|Win32
		{75857872-FF40-454A-BF33-70CBAE25611B}.Debug|ARM.ActiveCfg = Debug|Win32
		{75857872-FF40-454A-BF33-70CBAE25611B}.Debug|ARM64.ActiveCfg = Debug|Win32
		{75857872-FF40-454A-BF33-70CBAE25611B}.Debug|x64.ActiveCfg = Debug|x64
		{75857872-FF40-454A-BF33-70CBAE25611B}.Debug|x64.Build.0 = Debug|x64
		{75857872-FF40-454A-BF33-70CBAE25611B}.Debug|x86.ActiveCfg = Debug|Win32
		{75857872-FF40-454A-BF33-70CBAE25611B}.Debug|x86.Build.0 = Debug|Win32
		{75857872-FF40-454A-BF33-70CBAE25611B}.Release|Any CPU.ActiveCfg = Release|Win32
		{75857872-FF40-454A-BF33-70CBAE25611B}.Release|ARM.ActiveCfg = Release|Win32
		{75857872-FF40-454A-BF33-70CBAE25611B}.Release|ARM64.ActiveCfg = Release|Win32
		{75857872-FF40-454A-BF33-70CBAE25611B}.Release|x64.ActiveCfg = Release|x64
		{75857872-FF40-454A-BF33-70CBAE25611B}.Release|x64.Build.0 = Release|x64
		{75857872-FF40-454A-BF33-70CBAE25611B}.Release|x86.ActiveCfg = Release|Win32
		{75857872-FF40-454A-BF33-70CBAE25611B}.Release|x86.Build.0 = Release|Win32
		{D83FC48B-C187-4C2F-82FB-CE9CC927834F}.Debug|Any CPU.ActiveCfg = Debug|Win32
		{D83FC48B-C187-4C2F-82FB-CE9CC927834F}.Debug|ARM.ActiveCfg = Debug|Win32
		{D83FC48B-C187-4C2F-82FB-CE9CC927834F}.Debug|ARM64.ActiveCfg = Debug|Win32
		{D83FC48B-C187-4C2F-82FB-CE9CC927834F}.Debug|x64.ActiveCfg = Debug|x64
		{D83FC48B-C187-4C2F-82FB-CE9CC927834F}.Debug|x64.Build.0 = Debug|x64
		{D83FC48B-C187-4C2F-82FB-CE9CC927834F}.Debug|x86.ActiveCfg = Debug|Win32
		{D83FC48B-C187-4C2F-82FB-CE9CC927834F}.Debug|x86.Build.0 = Debug|Win32
		{D83FC48B-C187-4C2F-82FB-CE9CC927834F}.Release|Any CPU.ActiveCfg = Release|Win32
		{D83FC48B-C187-4C2F-82FB-CE9CC927834F}.Release|ARM.ActiveCfg = Release|Win32
		{D83FC48B-C187-4C2F-82FB-CE9CC927834F}.Release|ARM64.ActiveCfg = Release|Win32
		{D83FC48B-C187-4C2F-82FB-CE9CC927834F}.Release|x64.ActiveCfg = Release|x64
		{D83FC48B-C187-4C2F-82FB-CE9CC927834F}.Release|x64.Build.0 = Release|x64
		{D83FC48B-C187-4C2F-82FB-CE9CC927834F}.Release|x86.ActiveCfg = Release|Win32
		{D83FC48B-C187-4C2F-82FB-CE9CC927834F}.Release|x86.Build.0 = Release|Win32
		{B8C3F747-DAA1-4705-8A19-3D3C1BEA8ED9}.Debug|Any CPU.ActiveCfg = Debug|Win32
		{B8C3F747-DAA1-4705-8A19-3D3C1BEA8ED9}.Debug|ARM.ActiveCfg = Debug|Win32
		{B8C3F747-DAA1-4705-8A19-3D3C1BEA8ED9}.Debug|ARM64.ActiveCfg = Debug|Win32
		{B8C3F747-DAA1-4705-8A19-3D3C1BEA8ED9}.Debug|x64.ActiveCfg = Debug|x64
		{B8C3F747-DAA1-4705-8A19-3D3C1BEA8ED9}.Debug|x64.Build.0 = Debug|x64
		{B8C3F747-DAA1-4705-8A19-3D3C1BEA8ED9}.Debug|x86.ActiveCfg = Debug|Win32
		{B8C3F747-DAA1-4705-8A19-3D3C1BEA8ED9}.Debug|x86.Build.0 = Debug|Win32
		{B8C3F747-DAA1-4705-8A19-3D3C1BEA8ED9}.Release|Any CPU.ActiveCfg = Release|Win32
		{B8C3F747-DAA1-4705-8A19-3D3C1BEA8ED9}.Release|ARM.ActiveCfg = Release|Win32
		{B8C3F747-DAA1-4705-8A19-3D3C1BEA8ED9}.Release|ARM64.ActiveCfg = Release|Win32
		{B8C3F747-DAA1-4705-8A19-3D3C1BEA8ED9}.Release|x64.ActiveCfg = Release|x64
		{B8C3F747-DAA1-4705-8A19-3D3C1BEA8ED9}.Release|x64.Build.0 = Release|x64
		{B8C3F747-DAA1-4705-8A19-3D3C1BEA8ED9}.Release|x86.ActiveCfg = Release|Win32
		{B8C3F747-DAA1-4705-8A19-3D3C1BEA8ED9}.Release|x86.Build.0 = Release|Win32
		{2882F230-042D-4B36-AF1D-658C52D9FEF9}.Debug|Any CPU.ActiveCfg = Debug|Win32
		{2882F230-042D-4B36-AF1D-658C52D9FEF9}.Debug|ARM.ActiveCfg = Debug|Win32
		{2882F230-042D-4B36-AF1D-658C52D9FEF9}.Debug|ARM64.ActiveCfg = Debug|Win32
		{2882F230-042D-4B36-AF1D-658C52D9FEF9}.Debug|x64.ActiveCfg = Debug|x64
		{2882F230-042D-4B36-AF1D-658C52D9FEF9}.Debug|x64.Build.0 = Debug|x64
		{2882F230-042D-4B36-AF1D-658C52D9FEF9}.Debug|x86.ActiveCfg = Debug|Win32
		{2882F230-042D-4B36-AF1D-658C52D9FEF9}.Debug|x86.Build.0 = Debug|Win32
		{2882F230-042D-4B36-AF1D-658C52D9FEF9}.Release|Any CPU.ActiveCfg = Release|Win32
		{2882F230-042D-4B36-AF1D-658C52D9FEF9}.Release|ARM.ActiveCfg = Release|Win32
		{2882F230-042D-4B36-AF1D-658C52D9FEF9}.Release|ARM64.ActiveCfg = Release|Win32
		{2882F230-042D-4B36-AF1D-658C52D9FEF9}.Release|x64.ActiveCfg = Release|x64
		{2882F230-042D-4B36-AF1D-658C52D9FEF9}.Release|x64.Build.0 = Release|x64
		{2882F230-042D-4B36-AF1D-658C52D9FEF9}.Release|x86.ActiveCfg = Release|Win32
		{2882F230-042D-4B36-AF1D-658C52D9FEF9}.Release|x86.Build.0 = Release|Win32
		{AB3596EC-ACBF-4227-B9DE-8DC7806BCE8A}.Debug|Any CPU.ActiveCfg = Debug|Win32
		{AB3596EC-ACBF-4227-B9DE-8DC7806BCE8A}.Debug|ARM.ActiveCfg = Debug|Win32
		{AB3596EC-ACBF-4227-B9DE-8DC7806BCE8A}.Debug|ARM64.ActiveCfg = Debug|Win32
		{AB3596EC-ACBF-4227-B9DE-8DC7806BCE8A}.Debug|x64.ActiveCfg = Debug|x64
		{AB3596EC-ACBF-4227-B9DE-8DC7806BCE8A}.Debug|x64.Build.0 = Debug|x64
		{AB3596EC-ACBF-4227-B9DE-8DC7806BCE8A}.Debug|x86.ActiveCfg = Debug|Win32
		{AB3596EC-ACBF-4227-B9DE-8DC7806BCE8A}.Debug|x86.Build.0 = Debug|Win32
		{AB3596EC-ACBF-4227-B9DE-8DC7806BCE8A}.Release|Any CPU.ActiveCfg = Release|Win32
		{AB3596EC-ACBF-4227-B9DE-8DC7806BCE8A}.Release|ARM.ActiveCfg = Release|Win32
		{AB3596EC-ACBF-4227-B9DE-8DC7806BCE8A}.Release|ARM64.ActiveCfg = Release|Win32
		{AB3596EC-ACBF-4227-B9DE-8DC7806BCE8A}.Release|x64.ActiveCfg = Release|x64
		{AB3596EC-ACBF-4227-B9DE-8DC7806BCE8A}.Release|x64.Build.0 = Release|x64
		{AB3596EC-ACBF-4227-B9DE-8DC7806BCE8A}.Release|x86.ActiveCfg = Release|Win32
		{AB3596EC-ACBF-4227-B9DE-8DC7806BCE8A}.Release|x86.Build.0 = Release|Win32
		{F7BDE7A8-074A-4774-B037-64C719B91154}.Debug|Any CPU.ActiveCfg = Debug|Win32
		{F7BDE7A8-074A-4774-B037-64C719B91154}.Debug|ARM.ActiveCfg = Debug|Win32
		{F7BDE7A8-074A-4774-B037-64C719B91154}.Debug|ARM64.ActiveCfg = Debug|Win32
		{F7BDE7A8-074A-4774-B037-64C719B91154}.Debug|x64.ActiveCfg = Debug|x64
		{F7BDE7A8-074A-4774-B037-64C719B91154}.Debug|x64.Build.0 = Debug|x64
		{F7BDE7A8-074A-4774-B037-64C719B91154}.Debug|x86.ActiveCfg = Debug|Win32
		{F7BDE7A8-074A-4774-B037-64C719B91154}.Debug|x86.Build.0 = Debug|Win32
		{F7BDE7A8-074A-4774-B037-64C719B91154}.Release|Any CPU.ActiveCfg = Release|Win32
		{F7BDE7A8-074A-4774-B037-64C719B91154}.Release|ARM.ActiveCfg = Release|Win32
		{F7BDE7A8-074A-4774-B037-64C719B91154}.Release|ARM64.ActiveCfg = Release|Win32
		{F7BDE7A8-074A-4774-B037-64C719B91154}.Release|x64.ActiveCfg = Release|x64
		{F7BDE7A8-074A-4774-B037-64C719B91154}.Release|x64.Build.0 = Release|x64
		{F7BDE7A8-074A-4774-B037-64C719B91154}.Release|x86.ActiveCfg = Release|Win32
		{F7BDE7A8-074A-4774-B037-64C719B91154}.Release|x86.Build.0 = Release|Win32
		{D5B41DD3-E9EF-4083-BAE6-7D44D1C14509}.Debug|Any CPU.ActiveCfg = Debug|Win32
		{D5B41DD3-E9EF-4083-BAE6-7D44D1C14509}.Debug|ARM.ActiveCfg = Debug|Win32
		{D5B41DD3-E9EF-4083-BAE6-7D44D1C14509}.Debug|ARM64.ActiveCfg = Debug|Win32
		{D5B41DD3-E9EF-4083-BAE6-7D44D1C14509}.Debug|x64.ActiveCfg = Debug|x64
		{D5B41DD3-E9EF-4083-BAE6-7D44D1C14509}.Debug|x64.Build.0 = Debug|x64
		{D5B41DD3-E9EF-4083-BAE6-7D44D1C14509}.Debug|x86.ActiveCfg = Debug|Win32
		{D5B41DD3-E9EF-4083-BAE6-7D44D1C14509}.Debug|x86.Build.0 = Debug|Win32
		{D5B41DD3-E9EF-4083-BAE6-7D44D1C14509}.Release|Any CPU.ActiveCfg = Release|Win32
		{D5B41DD3-E9EF-4083-BAE6-7D44D1C14509}.Release|ARM.ActiveCfg = Release|Win32
		{D5B41DD3-E9EF-4083-BAE6-7D44D1C14509}.Release|ARM64.ActiveCfg = Release|Win32
		{D5B41DD3-E9EF-4083-BAE6-7D44D1C14509}.Release|x64.ActiveCfg = Release|x64
		{D5B41DD3-E9EF-4083-BAE6-7D44D1C14509}.Release|x64.Build.0 = Release|x64
		{D5B41DD3-E9EF-4083-BAE6-7D44D1C14509}.Release|x86.ActiveCfg = Release|Win32
		{D5B41DD3-E9EF-4083-BAE6-7D44D1C14509}.Release|x86.Build.0 = Release|Win32
		{E2B2424C-74E7-400E-B4AC-6F79EBCBC981}.Debug|Any CPU.ActiveCfg = Debug|Win32
		{E2B2424C-74E7-400E-B4AC-6F79EBCBC981}.Debug|ARM.ActiveCfg = Debug|ARM
		{E2B2424C-74E7-400E-B4AC-6F79EBCBC981}.Debug|ARM.Build.0 = Debug|ARM
		{E2B2424C-74E7-400E-B4AC-6F79EBCBC981}.Debug|ARM.Deploy.0 = Debug|ARM
		{E2B2424C-74E7-400E-B4AC-6F79EBCBC981}.Debug|ARM64.ActiveCfg = Debug|ARM64
		{E2B2424C-74E7-400E-B4AC-6F79EBCBC981}.Debug|ARM64.Build.0 = Debug|ARM64
		{E2B2424C-74E7-400E-B4AC-6F79EBCBC981}.Debug|ARM64.Deploy.0 = Debug|ARM64
		{E2B2424C-74E7-400E-B4AC-6F79EBCBC981}.Debug|x64.ActiveCfg = Debug|x64
		{E2B2424C-74E7-400E-B4AC-6F79EBCBC981}.Debug|x64.Build.0 = Debug|x64
		{E2B2424C-74E7-400E-B4AC-6F79EBCBC981}.Debug|x64.Deploy.0 = Debug|x64
		{E2B2424C-74E7-400E-B4AC-6F79EBCBC981}.Debug|x86.ActiveCfg = Debug|Win32
		{E2B2424C-74E7-400E-B4AC-6F79EBCBC981}.Debug|x86.Build.0 = Debug|Win32
		{E2B2424C-74E7-400E-B4AC-6F79EBCBC981}.Debug|x86.Deploy.0 = Debug|Win32
		{E2B2424C-74E7-400E-B4AC-6F79EBCBC981}.Release|Any CPU.ActiveCfg = Release|Win32
		{E2B2424C-74E7-400E-B4AC-6F79EBCBC981}.Release|ARM.ActiveCfg = Release|ARM
		{E2B2424C-74E7-400E-B4AC-6F79EBCBC981}.Release|ARM.Build.0 = Release|ARM
		{E2B2424C-74E7-400E-B4AC-6F79EBCBC981}.Release|ARM.Deploy.0 = Release|ARM
		{E2B2424C-74E7-400E-B4AC-6F79EBCBC981}.Release|ARM64.ActiveCfg = Release|ARM64
		{E2B2424C-74E7-400E-B4AC-6F79EBCBC981}.Release|ARM64.Build.0 = Release|ARM64
		{E2B2424C-74E7-400E-B4AC-6F79EBCBC981}.Release|ARM64.Deploy.0 = Release|ARM64
		{E2B2424C-74E7-400E-B4AC-6F79EBCBC981}.Release|x64.ActiveCfg = Release|x64
		{E2B2424C-74E7-400E-B4AC-6F79EBCBC981}.Release|x64.Build.0 = Release|x64
		{E2B2424C-74E7-400E-B4AC-6F79EBCBC981}.Release|x64.Deploy.0 = Release|x64
		{E2B2424C-74E7-400E-B4AC-6F79EBCBC981}.Release|x86.ActiveCfg = Release|Win32
		{E2B2424C-74E7-400E-B4AC-6F79EBCBC981}.Release|x86.Build.0 = Release|Win32
		{E2B2424C-74E7-400E-B4AC-6F79EBCBC981}.Release|x86.Deploy.0 = Release|Win32
	EndGlobalSection
	GlobalSection(SolutionProperties) = preSolution
		HideSolutionNode = FALSE
	EndGlobalSection
	GlobalSection(ExtensibilityGlobals) = postSolution
		SolutionGuid = {E4559102-2A3B-40C1-BC4A-FD9D2B8E35F9}
	EndGlobalSection
EndGlobal
